github.com/chunqian/tinylog v0.0.0-20230425011911-b61a1300f323 h1:l9UAFM5VeYQAcFLAqqkVxKkCm5RkacMH2LuqcivvVg8=
github.com/chunqian/tinylog v0.0.0-20230425011911-b61a1300f323/go.mod h1:z4za+zJiIIN45kWlbGFFe7N1y92BbsL4M+fZR6eRPZI=
github.com/creack/pty v1.1.9/go.mod h1:oKZEueFk5CKHvIhNR5MUki03XCEU+Q6VDXinZuGJ33E=
github.com/davecgh/go-spew v1.1.0/go.mod h1:J7Y8YcW2NihsgmVo/mv3lAwl/skON4iLHjSsI+c5H38=
github.com/kr/text v0.2.0 h1:5Nx0Ya0ZqY2ygV366QzturHI13Jq95ApcVaJBhpS+AY=
github.com/kr/text v0.2.0/go.mod h1:eLer722TekiGuMkidMxC/pM04lWEeraHUUmBw8l2grE=
github.com/lestrrat-go/envload v0.0.0-20180220234015-a3eb8ddeffcc/go.mod h1:kopuH9ugFRkIXf3YoqHKyrJ9YfUFsckUU9S7B+XP+is=
github.com/lestrrat-go/strftime v1.0.6 h1:CFGsDEt1pOpFNU+TJB0nhz9jl+K0hZSLE205AhTIGQQ=
github.com/lestrrat-go/strftime v1.0.6/go.mod h1:f7jQKgV5nnJpYgdEasS+/y7EsTb8ykN2z68n3TtcTaw=
github.com/pkg/errors v0.9.1 h1:FEBLx1zS214owpjy7qsBeixbURkuhQAwrK5UwLGTwt4=
github.com/pkg/errors v0.9.1/go.mod h1:bwawxfHBFNV+L2hUp1rHADufV3IMtnDRdf1r5NINEl0=
github.com/pmezard/go-difflib v1.0.0/go.mod h1:iKH77koFhYxTK1pcRnkKkqfTogsbg7gZNVY4sRDYZ/4=
github.com/stretchr/objx v0.1.0/go.mod h1:HFkY916IF+rwdDfMAkV7OtwuqBVzrE8GR6GFx+wExME=
github.com/stretchr/testify v1.3.0/go.mod h1:M5WIy9Dh21IEIfnGCwXGc5bZfKNJtfHm1UVUgZn+9EI=
github.com/ying32/govcl v2.2.3+incompatible h1:Iyfcl26yNE1USm+3uG+btQyhkoFIV18+VITrUdHu8Lw=
github.com/ying32/govcl v2.2.3+incompatible/go.mod h1:yZVtbJ9Md1nAVxtHKIriKZn4K6TQYqI1en3sN/m9FJ8=
